// !$*UTF8*$!
{
	archiveVersion = 1;
	classes = {
	};
	objectVersion = 56;
	objects = {

/* Begin PBXBuildFile section */
		D719E91D2BCD8FF000025218 /* AuthHeaderView.swift in Sources */ = {isa = PBXBuildFile; fileRef = D719E91C2BCD8FF000025218 /* AuthHeaderView.swift */; };
		D719E91F2BDF95C000025218 /* CustomTextField.swift in Sources */ = {isa = PBXBuildFile; fileRef = D719E91E2BDF95C000025218 /* CustomTextField.swift */; };
		D719E9212BDF95F400025218 /* CustomButton.swift in Sources */ = {isa = PBXBuildFile; fileRef = D719E9202BDF95F400025218 /* CustomButton.swift */; };
		D719E9232BDFC95F00025218 /* Checkbox.swift in Sources */ = {isa = PBXBuildFile; fileRef = D719E9222BDFC95F00025218 /* Checkbox.swift */; };
		D719E9292BE2B67100025218 /* WebViewController.swift in Sources */ = {isa = PBXBuildFile; fileRef = D719E9282BE2B67100025218 /* WebViewController.swift */; };
		D79F81102B8A1EB600570395 /* AppDelegate.swift in Sources */ = {isa = PBXBuildFile; fileRef = D79F810F2B8A1EB600570395 /* AppDelegate.swift */; };
		D79F81122B8A1EB600570395 /* SceneDelegate.swift in Sources */ = {isa = PBXBuildFile; fileRef = D79F81112B8A1EB600570395 /* SceneDelegate.swift */; };
		D79F81142B8A1EB600570395 /* RegisterController.swift in Sources */ = {isa = PBXBuildFile; fileRef = D79F81132B8A1EB600570395 /* RegisterController.swift */; };
		D79F81192B8A1EB700570395 /* Assets.xcassets in Resources */ = {isa = PBXBuildFile; fileRef = D79F81182B8A1EB700570395 /* Assets.xcassets */; };
		D79F811C2B8A1EB700570395 /* LaunchScreen.storyboard in Resources */ = {isa = PBXBuildFile; fileRef = D79F811A2B8A1EB700570395 /* LaunchScreen.storyboard */; };
		D7DA87362BF0F01C0097536A /* CustomCollectionViewCell.swift in Sources */ = {isa = PBXBuildFile; fileRef = D7DA87352BF0F01C0097536A /* CustomCollectionViewCell.swift */; };
		D7DA873B2BF108AA0097536A /* ProfileView.swift in Sources */ = {isa = PBXBuildFile; fileRef = D7DA873A2BF108AA0097536A /* ProfileView.swift */; };
		D7DA87402BF245F90097536A /* CustomProductCell.swift in Sources */ = {isa = PBXBuildFile; fileRef = D7DA873F2BF245F90097536A /* CustomProductCell.swift */; };
		D7DA87422BF2A8630097536A /* PayButton.swift in Sources */ = {isa = PBXBuildFile; fileRef = D7DA87412BF2A8630097536A /* PayButton.swift */; };
		D7E84A0C2BE3B4110022B38E /* Extension.swift in Sources */ = {isa = PBXBuildFile; fileRef = D7E84A0B2BE3B4110022B38E /* Extension.swift */; };
		D7E84A0E2BE575B10022B38E /* LoginController.swift in Sources */ = {isa = PBXBuildFile; fileRef = D7E84A0D2BE575B10022B38E /* LoginController.swift */; };
		D7E84A152BE6302A0022B38E /* TabBarController.swift in Sources */ = {isa = PBXBuildFile; fileRef = D7E84A142BE6302A0022B38E /* TabBarController.swift */; };
		D7E84A172BE630810022B38E /* HomeController.swift in Sources */ = {isa = PBXBuildFile; fileRef = D7E84A162BE630810022B38E /* HomeController.swift */; };
		D7E84A192BE630900022B38E /* SearchController.swift in Sources */ = {isa = PBXBuildFile; fileRef = D7E84A182BE630900022B38E /* SearchController.swift */; };
		D7E84A1B2BE630A10022B38E /* ProfileController.swift in Sources */ = {isa = PBXBuildFile; fileRef = D7E84A1A2BE630A10022B38E /* ProfileController.swift */; };
		D7E84A1D2BE630D50022B38E /* ProductCartController.swift in Sources */ = {isa = PBXBuildFile; fileRef = D7E84A1C2BE630D50022B38E /* ProductCartController.swift */; };
		D7E84A2D2BEA839F0022B38E /* CollectionTableViewCell.swift in Sources */ = {isa = PBXBuildFile; fileRef = D7E84A2C2BEA839F0022B38E /* CollectionTableViewCell.swift */; };
		D7E84A2F2BEA88D60022B38E /* TileCollectionViewCell.swift in Sources */ = {isa = PBXBuildFile; fileRef = D7E84A2E2BEA88D60022B38E /* TileCollectionViewCell.swift */; };
/* End PBXBuildFile section */

/* Begin PBXFileReference section */
		D719E91C2BCD8FF000025218 /* AuthHeaderView.swift */ = {isa = PBXFileReference; lastKnownFileType = sourcecode.swift; path = AuthHeaderView.swift; sourceTree = "<group>"; };
		D719E91E2BDF95C000025218 /* CustomTextField.swift */ = {isa = PBXFileReference; lastKnownFileType = sourcecode.swift; path = CustomTextField.swift; sourceTree = "<group>"; };
		D719E9202BDF95F400025218 /* CustomButton.swift */ = {isa = PBXFileReference; lastKnownFileType = sourcecode.swift; path = CustomButton.swift; sourceTree = "<group>"; };
		D719E9222BDFC95F00025218 /* Checkbox.swift */ = {isa = PBXFileReference; lastKnownFileType = sourcecode.swift; path = Checkbox.swift; sourceTree = "<group>"; };
		D719E9282BE2B67100025218 /* WebViewController.swift */ = {isa = PBXFileReference; lastKnownFileType = sourcecode.swift; path = WebViewController.swift; sourceTree = "<group>"; };
		D79F810C2B8A1EB600570395 /* GetirCloneApp.app */ = {isa = PBXFileReference; explicitFileType = wrapper.application; includeInIndex = 0; path = GetirCloneApp.app; sourceTree = BUILT_PRODUCTS_DIR; };
		D79F810F2B8A1EB600570395 /* AppDelegate.swift */ = {isa = PBXFileReference; lastKnownFileType = sourcecode.swift; path = AppDelegate.swift; sourceTree = "<group>"; };
		D79F81112B8A1EB600570395 /* SceneDelegate.swift */ = {isa = PBXFileReference; lastKnownFileType = sourcecode.swift; path = SceneDelegate.swift; sourceTree = "<group>"; };
		D79F81132B8A1EB600570395 /* RegisterController.swift */ = {isa = PBXFileReference; lastKnownFileType = sourcecode.swift; path = RegisterController.swift; sourceTree = "<group>"; };
		D79F81182B8A1EB700570395 /* Assets.xcassets */ = {isa = PBXFileReference; lastKnownFileType = folder.assetcatalog; path = Assets.xcassets; sourceTree = "<group>"; };
		D79F811B2B8A1EB700570395 /* Base */ = {isa = PBXFileReference; lastKnownFileType = file.storyboard; name = Base; path = Base.lproj/LaunchScreen.storyboard; sourceTree = "<group>"; };
		D79F811D2B8A1EB700570395 /* Info.plist */ = {isa = PBXFileReference; lastKnownFileType = text.plist.xml; path = Info.plist; sourceTree = "<group>"; };
		D7DA87352BF0F01C0097536A /* CustomCollectionViewCell.swift */ = {isa = PBXFileReference; lastKnownFileType = sourcecode.swift; path = CustomCollectionViewCell.swift; sourceTree = "<group>"; };
		D7DA873A2BF108AA0097536A /* ProfileView.swift */ = {isa = PBXFileReference; lastKnownFileType = sourcecode.swift; path = ProfileView.swift; sourceTree = "<group>"; };
		D7DA873F2BF245F90097536A /* CustomProductCell.swift */ = {isa = PBXFileReference; lastKnownFileType = sourcecode.swift; path = CustomProductCell.swift; sourceTree = "<group>"; };
		D7DA87412BF2A8630097536A /* PayButton.swift */ = {isa = PBXFileReference; lastKnownFileType = sourcecode.swift; path = PayButton.swift; sourceTree = "<group>"; };
		D7E84A0B2BE3B4110022B38E /* Extension.swift */ = {isa = PBXFileReference; lastKnownFileType = sourcecode.swift; path = Extension.swift; sourceTree = "<group>"; };
		D7E84A0D2BE575B10022B38E /* LoginController.swift */ = {isa = PBXFileReference; lastKnownFileType = sourcecode.swift; path = LoginController.swift; sourceTree = "<group>"; };
		D7E84A142BE6302A0022B38E /* TabBarController.swift */ = {isa = PBXFileReference; lastKnownFileType = sourcecode.swift; path = TabBarController.swift; sourceTree = "<group>"; };
		D7E84A162BE630810022B38E /* HomeController.swift */ = {isa = PBXFileReference; lastKnownFileType = sourcecode.swift; path = HomeController.swift; sourceTree = "<group>"; };
		D7E84A182BE630900022B38E /* SearchController.swift */ = {isa = PBXFileReference; lastKnownFileType = sourcecode.swift; path = SearchController.swift; sourceTree = "<group>"; };
		D7E84A1A2BE630A10022B38E /* ProfileController.swift */ = {isa = PBXFileReference; lastKnownFileType = sourcecode.swift; path = ProfileController.swift; sourceTree = "<group>"; };
		D7E84A1C2BE630D50022B38E /* ProductCartController.swift */ = {isa = PBXFileReference; lastKnownFileType = sourcecode.swift; path = ProductCartController.swift; sourceTree = "<group>"; };
		D7E84A2C2BEA839F0022B38E /* CollectionTableViewCell.swift */ = {isa = PBXFileReference; lastKnownFileType = sourcecode.swift; path = CollectionTableViewCell.swift; sourceTree = "<group>"; };
		D7E84A2E2BEA88D60022B38E /* TileCollectionViewCell.swift */ = {isa = PBXFileReference; lastKnownFileType = sourcecode.swift; path = TileCollectionViewCell.swift; sourceTree = "<group>"; };
/* End PBXFileReference section */

/* Begin PBXFrameworksBuildPhase section */
		D79F81092B8A1EB600570395 /* Frameworks */ = {
			isa = PBXFrameworksBuildPhase;
			buildActionMask = 2147483647;
			files = (
			);
			runOnlyForDeploymentPostprocessing = 0;
		};
/* End PBXFrameworksBuildPhase section */

/* Begin PBXGroup section */
		D719E9142BCD8D2B00025218 /* Views */ = {
			isa = PBXGroup;
			children = (
				D719E91C2BCD8FF000025218 /* AuthHeaderView.swift */,
				D719E91E2BDF95C000025218 /* CustomTextField.swift */,
				D719E9202BDF95F400025218 /* CustomButton.swift */,
				D719E9222BDFC95F00025218 /* Checkbox.swift */,
				D719E9282BE2B67100025218 /* WebViewController.swift */,
			);
			path = Views;
			sourceTree = "<group>";
		};
		D719E9162BCD8D4F00025218 /* Models */ = {
			isa = PBXGroup;
			children = (
			);
			path = Models;
			sourceTree = "<group>";
		};
		D719E9172BCD8D5500025218 /* ViewModels */ = {
			isa = PBXGroup;
			children = (
			);
			path = ViewModels;
			sourceTree = "<group>";
		};
		D719E9182BCD8DEC00025218 /* Supporting */ = {
			isa = PBXGroup;
			children = (
				D79F81182B8A1EB700570395 /* Assets.xcassets */,
				D79F810F2B8A1EB600570395 /* AppDelegate.swift */,
				D79F81112B8A1EB600570395 /* SceneDelegate.swift */,
				D79F811A2B8A1EB700570395 /* LaunchScreen.storyboard */,
			);
			path = Supporting;
			sourceTree = "<group>";
		};
		D719E9192BCD8E3900025218 /* Controllers */ = {
			isa = PBXGroup;
			children = (
				D79F81132B8A1EB600570395 /* RegisterController.swift */,
				D7E84A0D2BE575B10022B38E /* LoginController.swift */,
			);
			path = Controllers;
			sourceTree = "<group>";
		};
		D719E91A2BCD8ED800025218 /* Registration Screens */ = {
			isa = PBXGroup;
			children = (
				D719E9192BCD8E3900025218 /* Controllers */,
				D719E9142BCD8D2B00025218 /* Views */,
				D719E9172BCD8D5500025218 /* ViewModels */,
				D719E9162BCD8D4F00025218 /* Models */,
			);
			path = "Registration Screens";
			sourceTree = "<group>";
		};
		D719E91B2BCD8EFF00025218 /* Main Screens */ = {
			isa = PBXGroup;
			children = (
				D7E84A0F2BE62B7C0022B38E /* Controllers */,
				D7E84A122BE62B960022B38E /* ViewModels */,
				D7E84A132BE62BA20022B38E /* Models */,
			);
			path = "Main Screens";
			sourceTree = "<group>";
		};
		D79F81032B8A1EB600570395 = {
			isa = PBXGroup;
			children = (
				D79F810E2B8A1EB600570395 /* GetirCloneApp */,
				D79F810D2B8A1EB600570395 /* Products */,
			);
			sourceTree = "<group>";
		};
		D79F810D2B8A1EB600570395 /* Products */ = {
			isa = PBXGroup;
			children = (
				D79F810C2B8A1EB600570395 /* GetirCloneApp.app */,
			);
			name = Products;
			sourceTree = "<group>";
		};
		D79F810E2B8A1EB600570395 /* GetirCloneApp */ = {
			isa = PBXGroup;
			children = (
				D719E91B2BCD8EFF00025218 /* Main Screens */,
				D719E91A2BCD8ED800025218 /* Registration Screens */,
				D719E9182BCD8DEC00025218 /* Supporting */,
				D7E84A0A2BE3B3EB0022B38E /* Extension */,
				D79F811D2B8A1EB700570395 /* Info.plist */,
			);
			path = GetirCloneApp;
			sourceTree = "<group>";
		};
		D7DA872E2BED1E010097536A /* Search */ = {
			isa = PBXGroup;
			children = (
				D7DA872F2BED1E240097536A /* Controller */,
				D7DA87302BED1E300097536A /* Views */,
			);
			path = Search;
			sourceTree = "<group>";
		};
		D7DA872F2BED1E240097536A /* Controller */ = {
			isa = PBXGroup;
			children = (
				D7E84A182BE630900022B38E /* SearchController.swift */,
			);
			path = Controller;
			sourceTree = "<group>";
		};
		D7DA87302BED1E300097536A /* Views */ = {
			isa = PBXGroup;
			children = (
			);
			path = Views;
			sourceTree = "<group>";
		};
		D7DA87372BF108430097536A /* Profile */ = {
			isa = PBXGroup;
			children = (
				D7DA87382BF108510097536A /* Controller */,
				D7DA87392BF1085A0097536A /* Views */,
			);
			path = Profile;
			sourceTree = "<group>";
		};
		D7DA87382BF108510097536A /* Controller */ = {
			isa = PBXGroup;
			children = (
				D7E84A1A2BE630A10022B38E /* ProfileController.swift */,
			);
			path = Controller;
			sourceTree = "<group>";
		};
		D7DA87392BF1085A0097536A /* Views */ = {
			isa = PBXGroup;
			children = (
				D7DA873A2BF108AA0097536A /* ProfileView.swift */,
			);
			path = Views;
			sourceTree = "<group>";
		};
		D7DA873C2BF240160097536A /* Product Cart */ = {
			isa = PBXGroup;
			children = (
				D7DA873D2BF240300097536A /* Controller */,
				D7DA873E2BF240360097536A /* Views */,
			);
			path = "Product Cart";
			sourceTree = "<group>";
		};
		D7DA873D2BF240300097536A /* Controller */ = {
			isa = PBXGroup;
			children = (
				D7E84A1C2BE630D50022B38E /* ProductCartController.swift */,
			);
			path = Controller;
			sourceTree = "<group>";
		};
		D7DA873E2BF240360097536A /* Views */ = {
			isa = PBXGroup;
			children = (
				D7DA873F2BF245F90097536A /* CustomProductCell.swift */,
				D7DA87412BF2A8630097536A /* PayButton.swift */,
			);
			path = Views;
			sourceTree = "<group>";
		};
		D7E84A0A2BE3B3EB0022B38E /* Extension */ = {
			isa = PBXGroup;
			children = (
				D7E84A0B2BE3B4110022B38E /* Extension.swift */,
			);
			path = Extension;
			sourceTree = "<group>";
		};
		D7E84A0F2BE62B7C0022B38E /* Controllers */ = {
			isa = PBXGroup;
			children = (
				D7DA873C2BF240160097536A /* Product Cart */,
				D7DA87372BF108430097536A /* Profile */,
				D7DA872E2BED1E010097536A /* Search */,
				D7E84A1E2BEA7AEE0022B38E /* Home */,
				D7E84A142BE6302A0022B38E /* TabBarController.swift */,
			);
			path = Controllers;
			sourceTree = "<group>";
		};
		D7E84A122BE62B960022B38E /* ViewModels */ = {
			isa = PBXGroup;
			children = (
			);
			path = ViewModels;
			sourceTree = "<group>";
		};
		D7E84A132BE62BA20022B38E /* Models */ = {
			isa = PBXGroup;
			children = (
			);
			path = Models;
			sourceTree = "<group>";
		};
		D7E84A1E2BEA7AEE0022B38E /* Home */ = {
			isa = PBXGroup;
			children = (
				D7E84A232BEA7DBB0022B38E /* Controller */,
				D7E84A1F2BEA7B030022B38E /* Views */,
			);
			path = Home;
			sourceTree = "<group>";
		};
		D7E84A1F2BEA7B030022B38E /* Views */ = {
			isa = PBXGroup;
			children = (
				D7E84A2C2BEA839F0022B38E /* CollectionTableViewCell.swift */,
				D7E84A2E2BEA88D60022B38E /* TileCollectionViewCell.swift */,
				D7DA87352BF0F01C0097536A /* CustomCollectionViewCell.swift */,
			);
			path = Views;
			sourceTree = "<group>";
		};
		D7E84A232BEA7DBB0022B38E /* Controller */ = {
			isa = PBXGroup;
			children = (
				D7E84A162BE630810022B38E /* HomeController.swift */,
			);
			path = Controller;
			sourceTree = "<group>";
		};
/* End PBXGroup section */

/* Begin PBXNativeTarget section */
		D79F810B2B8A1EB600570395 /* GetirCloneApp */ = {
			isa = PBXNativeTarget;
			buildConfigurationList = D79F81202B8A1EB700570395 /* Build configuration list for PBXNativeTarget "GetirCloneApp" */;
			buildPhases = (
				D79F81082B8A1EB600570395 /* Sources */,
				D79F81092B8A1EB600570395 /* Frameworks */,
				D79F810A2B8A1EB600570395 /* Resources */,
			);
			buildRules = (
			);
			dependencies = (
			);
			name = GetirCloneApp;
			productName = GetirCloneApp;
			productReference = D79F810C2B8A1EB600570395 /* GetirCloneApp.app */;
			productType = "com.apple.product-type.application";
		};
/* End PBXNativeTarget section */

/* Begin PBXProject section */
		D79F81042B8A1EB600570395 /* Project object */ = {
			isa = PBXProject;
			attributes = {
				BuildIndependentTargetsInParallel = 1;
				LastSwiftUpdateCheck = 1500;
				LastUpgradeCheck = 1500;
				TargetAttributes = {
					D79F810B2B8A1EB600570395 = {
						CreatedOnToolsVersion = 15.0;
					};
				};
			};
			buildConfigurationList = D79F81072B8A1EB600570395 /* Build configuration list for PBXProject "GetirCloneApp" */;
			compatibilityVersion = "Xcode 14.0";
			developmentRegion = en;
			hasScannedForEncodings = 0;
			knownRegions = (
				en,
				Base,
			);
			mainGroup = D79F81032B8A1EB600570395;
			productRefGroup = D79F810D2B8A1EB600570395 /* Products */;
			projectDirPath = "";
			projectRoot = "";
			targets = (
				D79F810B2B8A1EB600570395 /* GetirCloneApp */,
			);
		};
/* End PBXProject section */

/* Begin PBXResourcesBuildPhase section */
		D79F810A2B8A1EB600570395 /* Resources */ = {
			isa = PBXResourcesBuildPhase;
			buildActionMask = 2147483647;
			files = (
				D79F811C2B8A1EB700570395 /* LaunchScreen.storyboard in Resources */,
				D79F81192B8A1EB700570395 /* Assets.xcassets in Resources */,
			);
			runOnlyForDeploymentPostprocessing = 0;
		};
/* End PBXResourcesBuildPhase section */

/* Begin PBXSourcesBuildPhase section */
		D79F81082B8A1EB600570395 /* Sources */ = {
			isa = PBXSourcesBuildPhase;
			buildActionMask = 2147483647;
			files = (
				D7E84A2F2BEA88D60022B38E /* TileCollectionViewCell.swift in Sources */,
				D7E84A0C2BE3B4110022B38E /* Extension.swift in Sources */,
				D7DA87402BF245F90097536A /* CustomProductCell.swift in Sources */,
				D79F81142B8A1EB600570395 /* RegisterController.swift in Sources */,
				D7E84A152BE6302A0022B38E /* TabBarController.swift in Sources */,
				D7E84A192BE630900022B38E /* SearchController.swift in Sources */,
				D7DA87362BF0F01C0097536A /* CustomCollectionViewCell.swift in Sources */,
				D719E91D2BCD8FF000025218 /* AuthHeaderView.swift in Sources */,
				D7DA87422BF2A8630097536A /* PayButton.swift in Sources */,
				D719E9212BDF95F400025218 /* CustomButton.swift in Sources */,
				D7E84A2D2BEA839F0022B38E /* CollectionTableViewCell.swift in Sources */,
				D79F81102B8A1EB600570395 /* AppDelegate.swift in Sources */,
				D7E84A1B2BE630A10022B38E /* ProfileController.swift in Sources */,
				D719E9232BDFC95F00025218 /* Checkbox.swift in Sources */,
				D7E84A1D2BE630D50022B38E /* ProductCartController.swift in Sources */,
				D79F81122B8A1EB600570395 /* SceneDelegate.swift in Sources */,
				D7E84A172BE630810022B38E /* HomeController.swift in Sources */,
				D719E91F2BDF95C000025218 /* CustomTextField.swift in Sources */,
				D7DA873B2BF108AA0097536A /* ProfileView.swift in Sources */,
				D719E9292BE2B67100025218 /* WebViewController.swift in Sources */,
				D7E84A0E2BE575B10022B38E /* LoginController.swift in Sources */,
			);
			runOnlyForDeploymentPostprocessing = 0;
		};
/* End PBXSourcesBuildPhase section */

/* Begin PBXVariantGroup section */
		D79F811A2B8A1EB700570395 /* LaunchScreen.storyboard */ = {
			isa = PBXVariantGroup;
			children = (
				D79F811B2B8A1EB700570395 /* Base */,
			);
			name = LaunchScreen.storyboard;
			sourceTree = "<group>";
		};
/* End PBXVariantGroup section */

/* Begin XCBuildConfiguration section */
		D79F811E2B8A1EB700570395 /* Debug */ = {
			isa = XCBuildConfiguration;
			buildSettings = {
				ALWAYS_SEARCH_USER_PATHS = NO;
				ASSETCATALOG_COMPILER_GENERATE_SWIFT_ASSET_SYMBOL_EXTENSIONS = YES;
				CLANG_ANALYZER_NONNULL = YES;
				CLANG_ANALYZER_NUMBER_OBJECT_CONVERSION = YES_AGGRESSIVE;
				CLANG_CXX_LANGUAGE_STANDARD = "gnu++20";
				CLANG_ENABLE_MODULES = YES;
				CLANG_ENABLE_OBJC_ARC = YES;
				CLANG_ENABLE_OBJC_WEAK = YES;
				CLANG_WARN_BLOCK_CAPTURE_AUTORELEASING = YES;
				CLANG_WARN_BOOL_CONVERSION = YES;
				CLANG_WARN_COMMA = YES;
				CLANG_WARN_CONSTANT_CONVERSION = YES;
				CLANG_WARN_DEPRECATED_OBJC_IMPLEMENTATIONS = YES;
				CLANG_WARN_DIRECT_OBJC_ISA_USAGE = YES_ERROR;
				CLANG_WARN_DOCUMENTATION_COMMENTS = YES;
				CLANG_WARN_EMPTY_BODY = YES;
				CLANG_WARN_ENUM_CONVERSION = YES;
				CLANG_WARN_INFINITE_RECURSION = YES;
				CLANG_WARN_INT_CONVERSION = YES;
				CLANG_WARN_NON_LITERAL_NULL_CONVERSION = YES;
				CLANG_WARN_OBJC_IMPLICIT_RETAIN_SELF = YES;
				CLANG_WARN_OBJC_LITERAL_CONVERSION = YES;
				CLANG_WARN_OBJC_ROOT_CLASS = YES_ERROR;
				CLANG_WARN_QUOTED_INCLUDE_IN_FRAMEWORK_HEADER = YES;
				CLANG_WARN_RANGE_LOOP_ANALYSIS = YES;
				CLANG_WARN_STRICT_PROTOTYPES = YES;
				CLANG_WARN_SUSPICIOUS_MOVE = YES;
				CLANG_WARN_UNGUARDED_AVAILABILITY = YES_AGGRESSIVE;
				CLANG_WARN_UNREACHABLE_CODE = YES;
				CLANG_WARN__DUPLICATE_METHOD_MATCH = YES;
				COPY_PHASE_STRIP = NO;
				DEBUG_INFORMATION_FORMAT = dwarf;
				ENABLE_STRICT_OBJC_MSGSEND = YES;
				ENABLE_TESTABILITY = YES;
				ENABLE_USER_SCRIPT_SANDBOXING = YES;
				GCC_C_LANGUAGE_STANDARD = gnu17;
				GCC_DYNAMIC_NO_PIC = NO;
				GCC_NO_COMMON_BLOCKS = YES;
				GCC_OPTIMIZATION_LEVEL = 0;
				GCC_PREPROCESSOR_DEFINITIONS = (
					"DEBUG=1",
					"$(inherited)",
				);
				GCC_WARN_64_TO_32_BIT_CONVERSION = YES;
				GCC_WARN_ABOUT_RETURN_TYPE = YES_ERROR;
				GCC_WARN_UNDECLARED_SELECTOR = YES;
				GCC_WARN_UNINITIALIZED_AUTOS = YES_AGGRESSIVE;
				GCC_WARN_UNUSED_FUNCTION = YES;
				GCC_WARN_UNUSED_VARIABLE = YES;
				IPHONEOS_DEPLOYMENT_TARGET = 17.0;
				LOCALIZATION_PREFERS_STRING_CATALOGS = YES;
				MTL_ENABLE_DEBUG_INFO = INCLUDE_SOURCE;
				MTL_FAST_MATH = YES;
				ONLY_ACTIVE_ARCH = YES;
				SDKROOT = iphoneos;
				SWIFT_ACTIVE_COMPILATION_CONDITIONS = "DEBUG $(inherited)";
				SWIFT_OPTIMIZATION_LEVEL = "-Onone";
			};
			name = Debug;
		};
		D79F811F2B8A1EB700570395 /* Release */ = {
			isa = XCBuildConfiguration;
			buildSettings = {
				ALWAYS_SEARCH_USER_PATHS = NO;
				ASSETCATALOG_COMPILER_GENERATE_SWIFT_ASSET_SYMBOL_EXTENSIONS = YES;
				CLANG_ANALYZER_NONNULL = YES;
				CLANG_ANALYZER_NUMBER_OBJECT_CONVERSION = YES_AGGRESSIVE;
				CLANG_CXX_LANGUAGE_STANDARD = "gnu++20";
				CLANG_ENABLE_MODULES = YES;
				CLANG_ENABLE_OBJC_ARC = YES;
				CLANG_ENABLE_OBJC_WEAK = YES;
				CLANG_WARN_BLOCK_CAPTURE_AUTORELEASING = YES;
				CLANG_WARN_BOOL_CONVERSION = YES;
				CLANG_WARN_COMMA = YES;
				CLANG_WARN_CONSTANT_CONVERSION = YES;
				CLANG_WARN_DEPRECATED_OBJC_IMPLEMENTATIONS = YES;
				CLANG_WARN_DIRECT_OBJC_ISA_USAGE = YES_ERROR;
				CLANG_WARN_DOCUMENTATION_COMMENTS = YES;
				CLANG_WARN_EMPTY_BODY = YES;
				CLANG_WARN_ENUM_CONVERSION = YES;
				CLANG_WARN_INFINITE_RECURSION = YES;
				CLANG_WARN_INT_CONVERSION = YES;
				CLANG_WARN_NON_LITERAL_NULL_CONVERSION = YES;
				CLANG_WARN_OBJC_IMPLICIT_RETAIN_SELF = YES;
				CLANG_WARN_OBJC_LITERAL_CONVERSION = YES;
				CLANG_WARN_OBJC_ROOT_CLASS = YES_ERROR;
				CLANG_WARN_QUOTED_INCLUDE_IN_FRAMEWORK_HEADER = YES;
				CLANG_WARN_RANGE_LOOP_ANALYSIS = YES;
				CLANG_WARN_STRICT_PROTOTYPES = YES;
				CLANG_WARN_SUSPICIOUS_MOVE = YES;
				CLANG_WARN_UNGUARDED_AVAILABILITY = YES_AGGRESSIVE;
				CLANG_WARN_UNREACHABLE_CODE = YES;
				CLANG_WARN__DUPLICATE_METHOD_MATCH = YES;
				COPY_PHASE_STRIP = NO;
				DEBUG_INFORMATION_FORMAT = "dwarf-with-dsym";
				ENABLE_NS_ASSERTIONS = NO;
				ENABLE_STRICT_OBJC_MSGSEND = YES;
				ENABLE_USER_SCRIPT_SANDBOXING = YES;
				GCC_C_LANGUAGE_STANDARD = gnu17;
				GCC_NO_COMMON_BLOCKS = YES;
				GCC_WARN_64_TO_32_BIT_CONVERSION = YES;
				GCC_WARN_ABOUT_RETURN_TYPE = YES_ERROR;
				GCC_WARN_UNDECLARED_SELECTOR = YES;
				GCC_WARN_UNINITIALIZED_AUTOS = YES_AGGRESSIVE;
				GCC_WARN_UNUSED_FUNCTION = YES;
				GCC_WARN_UNUSED_VARIABLE = YES;
				IPHONEOS_DEPLOYMENT_TARGET = 17.0;
				LOCALIZATION_PREFERS_STRING_CATALOGS = YES;
				MTL_ENABLE_DEBUG_INFO = NO;
				MTL_FAST_MATH = YES;
				SDKROOT = iphoneos;
				SWIFT_COMPILATION_MODE = wholemodule;
				VALIDATE_PRODUCT = YES;
			};
			name = Release;
		};
		D79F81212B8A1EB700570395 /* Debug */ = {
			isa = XCBuildConfiguration;
			buildSettings = {
				ASSETCATALOG_COMPILER_APPICON_NAME = AppIcon;
				ASSETCATALOG_COMPILER_GLOBAL_ACCENT_COLOR_NAME = AccentColor;
				CODE_SIGN_STYLE = Automatic;
				CURRENT_PROJECT_VERSION = 1;
				DEVELOPMENT_TEAM = 5S4TMVFBL9;
				GENERATE_INFOPLIST_FILE = YES;
				INFOPLIST_FILE = GetirCloneApp/Info.plist;
				INFOPLIST_KEY_UIApplicationSupportsIndirectInputEvents = YES;
				INFOPLIST_KEY_UILaunchStoryboardName = LaunchScreen;
				INFOPLIST_KEY_UISupportedInterfaceOrientations_iPad = "UIInterfaceOrientationPortrait UIInterfaceOrientationPortraitUpsideDown UIInterfaceOrientationLandscapeLeft UIInterfaceOrientationLandscapeRight";
				INFOPLIST_KEY_UISupportedInterfaceOrientations_iPhone = "UIInterfaceOrientationPortrait UIInterfaceOrientationLandscapeLeft UIInterfaceOrientationLandscapeRight";
				LD_RUNPATH_SEARCH_PATHS = (
					"$(inherited)",
					"@executable_path/Frameworks",
				);
				MARKETING_VERSION = 1.0;
				PRODUCT_BUNDLE_IDENTIFIER = vailed.GetirCloneApp;
				PRODUCT_NAME = "$(TARGET_NAME)";
				SWIFT_EMIT_LOC_STRINGS = YES;
				SWIFT_VERSION = 5.0;
				TARGETED_DEVICE_FAMILY = "1,2";
			};
			name = Debug;
		};
		D79F81222B8A1EB700570395 /* Release */ = {
			isa = XCBuildConfiguration;
			buildSettings = {
				ASSETCATALOG_COMPILER_APPICON_NAME = AppIcon;
				ASSETCATALOG_COMPILER_GLOBAL_ACCENT_COLOR_NAME = AccentColor;
				CODE_SIGN_STYLE = Automatic;
				CURRENT_PROJECT_VERSION = 1;
				DEVELOPMENT_TEAM = 5S4TMVFBL9;
				GENERATE_INFOPLIST_FILE = YES;
				INFOPLIST_FILE = GetirCloneApp/Info.plist;
				INFOPLIST_KEY_UIApplicationSupportsIndirectInputEvents = YES;
				INFOPLIST_KEY_UILaunchStoryboardName = LaunchScreen;
				INFOPLIST_KEY_UISupportedInterfaceOrientations_iPad = "UIInterfaceOrientationPortrait UIInterfaceOrientationPortraitUpsideDown UIInterfaceOrientationLandscapeLeft UIInterfaceOrientationLandscapeRight";
				INFOPLIST_KEY_UISupportedInterfaceOrientations_iPhone = "UIInterfaceOrientationPortrait UIInterfaceOrientationLandscapeLeft UIInterfaceOrientationLandscapeRight";
				LD_RUNPATH_SEARCH_PATHS = (
					"$(inherited)",
					"@executable_path/Frameworks",
				);
				MARKETING_VERSION = 1.0;
				PRODUCT_BUNDLE_IDENTIFIER = vailed.GetirCloneApp;
				PRODUCT_NAME = "$(TARGET_NAME)";
				SWIFT_EMIT_LOC_STRINGS = YES;
				SWIFT_VERSION = 5.0;
				TARGETED_DEVICE_FAMILY = "1,2";
			};
			name = Release;
		};
/* End XCBuildConfiguration section */

/* Begin XCConfigurationList section */
		D79F81072B8A1EB600570395 /* Build configuration list for PBXProject "GetirCloneApp" */ = {
			isa = XCConfigurationList;
			buildConfigurations = (
				D79F811E2B8A1EB700570395 /* Debug */,
				D79F811F2B8A1EB700570395 /* Release */,
			);
			defaultConfigurationIsVisible = 0;
			defaultConfigurationName = Release;
		};
		D79F81202B8A1EB700570395 /* Build configuration list for PBXNativeTarget "GetirCloneApp" */ = {
			isa = XCConfigurationList;
			buildConfigurations = (
				D79F81212B8A1EB700570395 /* Debug */,
				D79F81222B8A1EB700570395 /* Release */,
			);
			defaultConfigurationIsVisible = 0;
			defaultConfigurationName = Release;
		};
/* End XCConfigurationList section */
	};
	rootObject = D79F81042B8A1EB600570395 /* Project object */;
}
